// !$*UTF8*$!
{
	archiveVersion = 1;
	classes = {
	};
	objectVersion = 50;
	objects = {

/* Begin PBXBuildFile section */
		036D66242265FDCD009D6FC6 /* globepic.png in Resources */ = {isa = PBXBuildFile; fileRef = 036D66232265FDCC009D6FC6 /* globepic.png */; };
		43F82CAE22647E2A0043EBAA /* Server.swift in Sources */ = {isa = PBXBuildFile; fileRef = 43F82CAD22647E2A0043EBAA /* Server.swift */; };
		F0401995225F5A3C007B0C75 /* PinsView.swift in Sources */ = {isa = PBXBuildFile; fileRef = F0401994225F5A3C007B0C75 /* PinsView.swift */; };
		F04D5162225CD7A500A32DBD /* AppDelegate.swift in Sources */ = {isa = PBXBuildFile; fileRef = F04D5161225CD7A500A32DBD /* AppDelegate.swift */; };
		F04D5164225CD7A500A32DBD /* ViewController.swift in Sources */ = {isa = PBXBuildFile; fileRef = F04D5163225CD7A500A32DBD /* ViewController.swift */; };
		F04D5167225CD7A500A32DBD /* Main.storyboard in Resources */ = {isa = PBXBuildFile; fileRef = F04D5165225CD7A500A32DBD /* Main.storyboard */; };
		F04D5169225CD7B300A32DBD /* Assets.xcassets in Resources */ = {isa = PBXBuildFile; fileRef = F04D5168225CD7B300A32DBD /* Assets.xcassets */; };
		F04D516C225CD7B300A32DBD /* LaunchScreen.storyboard in Resources */ = {isa = PBXBuildFile; fileRef = F04D516A225CD7B300A32DBD /* LaunchScreen.storyboard */; };
		F04D5177225CD7B500A32DBD /* GeocapTests.swift in Sources */ = {isa = PBXBuildFile; fileRef = F04D5176225CD7B500A32DBD /* GeocapTests.swift */; };
		F04D5182225CD7B500A32DBD /* GeocapUITests.swift in Sources */ = {isa = PBXBuildFile; fileRef = F04D5181225CD7B500A32DBD /* GeocapUITests.swift */; };
		F04D5190225CDF2000A32DBD /* Pins.swift in Sources */ = {isa = PBXBuildFile; fileRef = F04D518F225CDF2000A32DBD /* Pins.swift */; };
		F04D5192225D091300A32DBD /* SpelaViewController.swift in Sources */ = {isa = PBXBuildFile; fileRef = F04D5191225D091300A32DBD /* SpelaViewController.swift */; };
/* End PBXBuildFile section */

/* Begin PBXContainerItemProxy section */
		F04D5173225CD7B400A32DBD /* PBXContainerItemProxy */ = {
			isa = PBXContainerItemProxy;
			containerPortal = F04D5156225CD7A400A32DBD /* Project object */;
			proxyType = 1;
			remoteGlobalIDString = F04D515D225CD7A500A32DBD;
			remoteInfo = Geocap;
		};
		F04D517E225CD7B500A32DBD /* PBXContainerItemProxy */ = {
			isa = PBXContainerItemProxy;
			containerPortal = F04D5156225CD7A400A32DBD /* Project object */;
			proxyType = 1;
			remoteGlobalIDString = F04D515D225CD7A500A32DBD;
			remoteInfo = Geocap;
		};
/* End PBXContainerItemProxy section */

/* Begin PBXFileReference section */
		036D66232265FDCC009D6FC6 /* globepic.png */ = {isa = PBXFileReference; lastKnownFileType = image.png; path = globepic.png; sourceTree = "<group>"; };
		43F82CAD22647E2A0043EBAA /* Server.swift */ = {isa = PBXFileReference; lastKnownFileType = sourcecode.swift; path = Server.swift; sourceTree = "<group>"; };
		F0401994225F5A3C007B0C75 /* PinsView.swift */ = {isa = PBXFileReference; lastKnownFileType = sourcecode.swift; path = PinsView.swift; sourceTree = "<group>"; };
		F04D515E225CD7A500A32DBD /* Geocap.app */ = {isa = PBXFileReference; explicitFileType = wrapper.application; includeInIndex = 0; path = Geocap.app; sourceTree = BUILT_PRODUCTS_DIR; };
		F04D5161225CD7A500A32DBD /* AppDelegate.swift */ = {isa = PBXFileReference; lastKnownFileType = sourcecode.swift; path = AppDelegate.swift; sourceTree = "<group>"; };
		F04D5163225CD7A500A32DBD /* ViewController.swift */ = {isa = PBXFileReference; lastKnownFileType = sourcecode.swift; path = ViewController.swift; sourceTree = "<group>"; };
		F04D5166225CD7A500A32DBD /* Base */ = {isa = PBXFileReference; lastKnownFileType = file.storyboard; name = Base; path = Base.lproj/Main.storyboard; sourceTree = "<group>"; };
		F04D5168225CD7B300A32DBD /* Assets.xcassets */ = {isa = PBXFileReference; lastKnownFileType = folder.assetcatalog; path = Assets.xcassets; sourceTree = "<group>"; };
		F04D516B225CD7B300A32DBD /* Base */ = {isa = PBXFileReference; lastKnownFileType = file.storyboard; name = Base; path = Base.lproj/LaunchScreen.storyboard; sourceTree = "<group>"; };
		F04D516D225CD7B300A32DBD /* Info.plist */ = {isa = PBXFileReference; lastKnownFileType = text.plist.xml; path = Info.plist; sourceTree = "<group>"; };
		F04D5172225CD7B400A32DBD /* GeocapTests.xctest */ = {isa = PBXFileReference; explicitFileType = wrapper.cfbundle; includeInIndex = 0; path = GeocapTests.xctest; sourceTree = BUILT_PRODUCTS_DIR; };
		F04D5176225CD7B500A32DBD /* GeocapTests.swift */ = {isa = PBXFileReference; lastKnownFileType = sourcecode.swift; path = GeocapTests.swift; sourceTree = "<group>"; };
		F04D5178225CD7B500A32DBD /* Info.plist */ = {isa = PBXFileReference; lastKnownFileType = text.plist.xml; path = Info.plist; sourceTree = "<group>"; };
		F04D517D225CD7B500A32DBD /* GeocapUITests.xctest */ = {isa = PBXFileReference; explicitFileType = wrapper.cfbundle; includeInIndex = 0; path = GeocapUITests.xctest; sourceTree = BUILT_PRODUCTS_DIR; };
		F04D5181225CD7B500A32DBD /* GeocapUITests.swift */ = {isa = PBXFileReference; lastKnownFileType = sourcecode.swift; path = GeocapUITests.swift; sourceTree = "<group>"; };
		F04D5183225CD7B500A32DBD /* Info.plist */ = {isa = PBXFileReference; lastKnownFileType = text.plist.xml; path = Info.plist; sourceTree = "<group>"; };
		F04D518F225CDF2000A32DBD /* Pins.swift */ = {isa = PBXFileReference; lastKnownFileType = sourcecode.swift; path = Pins.swift; sourceTree = "<group>"; };
		F04D5191225D091300A32DBD /* SpelaViewController.swift */ = {isa = PBXFileReference; lastKnownFileType = sourcecode.swift; path = SpelaViewController.swift; sourceTree = "<group>"; };
/* End PBXFileReference section */

/* Begin PBXFrameworksBuildPhase section */
		F04D515B225CD7A500A32DBD /* Frameworks */ = {
			isa = PBXFrameworksBuildPhase;
			buildActionMask = 2147483647;
			files = (
			);
			runOnlyForDeploymentPostprocessing = 0;
		};
		F04D516F225CD7B400A32DBD /* Frameworks */ = {
			isa = PBXFrameworksBuildPhase;
			buildActionMask = 2147483647;
			files = (
			);
			runOnlyForDeploymentPostprocessing = 0;
		};
		F04D517A225CD7B500A32DBD /* Frameworks */ = {
			isa = PBXFrameworksBuildPhase;
			buildActionMask = 2147483647;
			files = (
			);
			runOnlyForDeploymentPostprocessing = 0;
		};
/* End PBXFrameworksBuildPhase section */

/* Begin PBXGroup section */
		430A76ED2260BEBB0053A834 /* Frameworks */ = {
			isa = PBXGroup;
			children = (
			);
			name = Frameworks;
			sourceTree = "<group>";
		};
		F04D5155225CD7A400A32DBD = {
			isa = PBXGroup;
			children = (
				F04D5160225CD7A500A32DBD /* Geocap */,
				F04D5175225CD7B500A32DBD /* GeocapTests */,
				F04D5180225CD7B500A32DBD /* GeocapUITests */,
				F04D515F225CD7A500A32DBD /* Products */,
				430A76ED2260BEBB0053A834 /* Frameworks */,
			);
			sourceTree = "<group>";
		};
		F04D515F225CD7A500A32DBD /* Products */ = {
			isa = PBXGroup;
			children = (
				F04D515E225CD7A500A32DBD /* Geocap.app */,
				F04D5172225CD7B400A32DBD /* GeocapTests.xctest */,
				F04D517D225CD7B500A32DBD /* GeocapUITests.xctest */,
			);
			name = Products;
			sourceTree = "<group>";
		};
		F04D5160225CD7A500A32DBD /* Geocap */ = {
			isa = PBXGroup;
			children = (
				F04D5161225CD7A500A32DBD /* AppDelegate.swift */,
				F04D5163225CD7A500A32DBD /* ViewController.swift */,
				43F82CAD22647E2A0043EBAA /* Server.swift */,
				F04D5191225D091300A32DBD /* SpelaViewController.swift */,
				F04D518F225CDF2000A32DBD /* Pins.swift */,
				F0401994225F5A3C007B0C75 /* PinsView.swift */,
				F04D5165225CD7A500A32DBD /* Main.storyboard */,
				F04D5168225CD7B300A32DBD /* Assets.xcassets */,
				F04D516A225CD7B300A32DBD /* LaunchScreen.storyboard */,
				F04D516D225CD7B300A32DBD /* Info.plist */,
				036D66232265FDCC009D6FC6 /* globepic.png */,
			);
			path = Geocap;
			sourceTree = "<group>";
		};
		F04D5175225CD7B500A32DBD /* GeocapTests */ = {
			isa = PBXGroup;
			children = (
				F04D5176225CD7B500A32DBD /* GeocapTests.swift */,
				F04D5178225CD7B500A32DBD /* Info.plist */,
			);
			path = GeocapTests;
			sourceTree = "<group>";
		};
		F04D5180225CD7B500A32DBD /* GeocapUITests */ = {
			isa = PBXGroup;
			children = (
				F04D5181225CD7B500A32DBD /* GeocapUITests.swift */,
				F04D5183225CD7B500A32DBD /* Info.plist */,
			);
			path = GeocapUITests;
			sourceTree = "<group>";
		};
/* End PBXGroup section */

/* Begin PBXNativeTarget section */
		F04D515D225CD7A500A32DBD /* Geocap */ = {
			isa = PBXNativeTarget;
			buildConfigurationList = F04D5186225CD7B500A32DBD /* Build configuration list for PBXNativeTarget "Geocap" */;
			buildPhases = (
				F04D515A225CD7A500A32DBD /* Sources */,
				F04D515B225CD7A500A32DBD /* Frameworks */,
				F04D515C225CD7A500A32DBD /* Resources */,
			);
			buildRules = (
			);
			dependencies = (
			);
			name = Geocap;
			productName = Geocap;
			productReference = F04D515E225CD7A500A32DBD /* Geocap.app */;
			productType = "com.apple.product-type.application";
		};
		F04D5171225CD7B400A32DBD /* GeocapTests */ = {
			isa = PBXNativeTarget;
			buildConfigurationList = F04D5189225CD7B500A32DBD /* Build configuration list for PBXNativeTarget "GeocapTests" */;
			buildPhases = (
				F04D516E225CD7B400A32DBD /* Sources */,
				F04D516F225CD7B400A32DBD /* Frameworks */,
				F04D5170225CD7B400A32DBD /* Resources */,
			);
			buildRules = (
			);
			dependencies = (
				F04D5174225CD7B400A32DBD /* PBXTargetDependency */,
			);
			name = GeocapTests;
			productName = GeocapTests;
			productReference = F04D5172225CD7B400A32DBD /* GeocapTests.xctest */;
			productType = "com.apple.product-type.bundle.unit-test";
		};
		F04D517C225CD7B500A32DBD /* GeocapUITests */ = {
			isa = PBXNativeTarget;
			buildConfigurationList = F04D518C225CD7B500A32DBD /* Build configuration list for PBXNativeTarget "GeocapUITests" */;
			buildPhases = (
				F04D5179225CD7B500A32DBD /* Sources */,
				F04D517A225CD7B500A32DBD /* Frameworks */,
				F04D517B225CD7B500A32DBD /* Resources */,
			);
			buildRules = (
			);
			dependencies = (
				F04D517F225CD7B500A32DBD /* PBXTargetDependency */,
			);
			name = GeocapUITests;
			productName = GeocapUITests;
			productReference = F04D517D225CD7B500A32DBD /* GeocapUITests.xctest */;
			productType = "com.apple.product-type.bundle.ui-testing";
		};
/* End PBXNativeTarget section */

/* Begin PBXProject section */
		F04D5156225CD7A400A32DBD /* Project object */ = {
			isa = PBXProject;
			attributes = {
				LastSwiftUpdateCheck = 0940;
				LastUpgradeCheck = 0940;
				ORGANIZATIONNAME = "Oscar Englöf";
				TargetAttributes = {
					F04D515D225CD7A500A32DBD = {
						CreatedOnToolsVersion = 9.4;
						LastSwiftMigration = 1020;
						SystemCapabilities = {
							com.apple.Maps.iOS = {
								enabled = 0;
							};
						};
					};
					F04D5171225CD7B400A32DBD = {
						CreatedOnToolsVersion = 9.4;
						LastSwiftMigration = 1020;
						TestTargetID = F04D515D225CD7A500A32DBD;
					};
					F04D517C225CD7B500A32DBD = {
						CreatedOnToolsVersion = 9.4;
						LastSwiftMigration = 1020;
						TestTargetID = F04D515D225CD7A500A32DBD;
					};
				};
			};
			buildConfigurationList = F04D5159225CD7A400A32DBD /* Build configuration list for PBXProject "Geocap" */;
			compatibilityVersion = "Xcode 9.3";
			developmentRegion = en;
			hasScannedForEncodings = 0;
			knownRegions = (
				en,
				Base,
			);
			mainGroup = F04D5155225CD7A400A32DBD;
			productRefGroup = F04D515F225CD7A500A32DBD /* Products */;
			projectDirPath = "";
			projectRoot = "";
			targets = (
				F04D515D225CD7A500A32DBD /* Geocap */,
				F04D5171225CD7B400A32DBD /* GeocapTests */,
				F04D517C225CD7B500A32DBD /* GeocapUITests */,
			);
		};
/* End PBXProject section */

/* Begin PBXResourcesBuildPhase section */
		F04D515C225CD7A500A32DBD /* Resources */ = {
			isa = PBXResourcesBuildPhase;
			buildActionMask = 2147483647;
			files = (
				036D66242265FDCD009D6FC6 /* globepic.png in Resources */,
				F04D516C225CD7B300A32DBD /* LaunchScreen.storyboard in Resources */,
				F04D5169225CD7B300A32DBD /* Assets.xcassets in Resources */,
				F04D5167225CD7A500A32DBD /* Main.storyboard in Resources */,
			);
			runOnlyForDeploymentPostprocessing = 0;
		};
		F04D5170225CD7B400A32DBD /* Resources */ = {
			isa = PBXResourcesBuildPhase;
			buildActionMask = 2147483647;
			files = (
			);
			runOnlyForDeploymentPostprocessing = 0;
		};
		F04D517B225CD7B500A32DBD /* Resources */ = {
			isa = PBXResourcesBuildPhase;
			buildActionMask = 2147483647;
			files = (
			);
			runOnlyForDeploymentPostprocessing = 0;
		};
/* End PBXResourcesBuildPhase section */

/* Begin PBXSourcesBuildPhase section */
		F04D515A225CD7A500A32DBD /* Sources */ = {
			isa = PBXSourcesBuildPhase;
			buildActionMask = 2147483647;
			files = (
				F04D5192225D091300A32DBD /* SpelaViewController.swift in Sources */,
				F04D5164225CD7A500A32DBD /* ViewController.swift in Sources */,
				F04D5162225CD7A500A32DBD /* AppDelegate.swift in Sources */,
				F04D5190225CDF2000A32DBD /* Pins.swift in Sources */,
				43F82CAE22647E2A0043EBAA /* Server.swift in Sources */,
				F0401995225F5A3C007B0C75 /* PinsView.swift in Sources */,
			);
			runOnlyForDeploymentPostprocessing = 0;
		};
		F04D516E225CD7B400A32DBD /* Sources */ = {
			isa = PBXSourcesBuildPhase;
			buildActionMask = 2147483647;
			files = (
				F04D5177225CD7B500A32DBD /* GeocapTests.swift in Sources */,
			);
			runOnlyForDeploymentPostprocessing = 0;
		};
		F04D5179225CD7B500A32DBD /* Sources */ = {
			isa = PBXSourcesBuildPhase;
			buildActionMask = 2147483647;
			files = (
				F04D5182225CD7B500A32DBD /* GeocapUITests.swift in Sources */,
			);
			runOnlyForDeploymentPostprocessing = 0;
		};
/* End PBXSourcesBuildPhase section */

/* Begin PBXTargetDependency section */
		F04D5174225CD7B400A32DBD /* PBXTargetDependency */ = {
			isa = PBXTargetDependency;
			target = F04D515D225CD7A500A32DBD /* Geocap */;
			targetProxy = F04D5173225CD7B400A32DBD /* PBXContainerItemProxy */;
		};
		F04D517F225CD7B500A32DBD /* PBXTargetDependency */ = {
			isa = PBXTargetDependency;
			target = F04D515D225CD7A500A32DBD /* Geocap */;
			targetProxy = F04D517E225CD7B500A32DBD /* PBXContainerItemProxy */;
		};
/* End PBXTargetDependency section */

/* Begin PBXVariantGroup section */
		F04D5165225CD7A500A32DBD /* Main.storyboard */ = {
			isa = PBXVariantGroup;
			children = (
				F04D5166225CD7A500A32DBD /* Base */,
			);
			name = Main.storyboard;
			sourceTree = "<group>";
		};
		F04D516A225CD7B300A32DBD /* LaunchScreen.storyboard */ = {
			isa = PBXVariantGroup;
			children = (
				F04D516B225CD7B300A32DBD /* Base */,
			);
			name = LaunchScreen.storyboard;
			sourceTree = "<group>";
		};
/* End PBXVariantGroup section */

/* Begin XCBuildConfiguration section */
		F04D5184225CD7B500A32DBD /* Debug */ = {
			isa = XCBuildConfiguration;
			buildSettings = {
				ALWAYS_SEARCH_USER_PATHS = NO;
				CLANG_ANALYZER_NONNULL = YES;
				CLANG_ANALYZER_NUMBER_OBJECT_CONVERSION = YES_AGGRESSIVE;
				CLANG_CXX_LANGUAGE_STANDARD = "gnu++14";
				CLANG_CXX_LIBRARY = "libc++";
				CLANG_ENABLE_MODULES = YES;
				CLANG_ENABLE_OBJC_ARC = YES;
				CLANG_ENABLE_OBJC_WEAK = YES;
				CLANG_WARN_BLOCK_CAPTURE_AUTORELEASING = YES;
				CLANG_WARN_BOOL_CONVERSION = YES;
				CLANG_WARN_COMMA = YES;
				CLANG_WARN_CONSTANT_CONVERSION = YES;
				CLANG_WARN_DEPRECATED_OBJC_IMPLEMENTATIONS = YES;
				CLANG_WARN_DIRECT_OBJC_ISA_USAGE = YES_ERROR;
				CLANG_WARN_DOCUMENTATION_COMMENTS = YES;
				CLANG_WARN_EMPTY_BODY = YES;
				CLANG_WARN_ENUM_CONVERSION = YES;
				CLANG_WARN_INFINITE_RECURSION = YES;
				CLANG_WARN_INT_CONVERSION = YES;
				CLANG_WARN_NON_LITERAL_NULL_CONVERSION = YES;
				CLANG_WARN_OBJC_IMPLICIT_RETAIN_SELF = YES;
				CLANG_WARN_OBJC_LITERAL_CONVERSION = YES;
				CLANG_WARN_OBJC_ROOT_CLASS = YES_ERROR;
				CLANG_WARN_RANGE_LOOP_ANALYSIS = YES;
				CLANG_WARN_STRICT_PROTOTYPES = YES;
				CLANG_WARN_SUSPICIOUS_MOVE = YES;
				CLANG_WARN_UNGUARDED_AVAILABILITY = YES_AGGRESSIVE;
				CLANG_WARN_UNREACHABLE_CODE = YES;
				CLANG_WARN__DUPLICATE_METHOD_MATCH = YES;
				CODE_SIGN_IDENTITY = "iPhone Developer";
				COPY_PHASE_STRIP = NO;
				DEBUG_INFORMATION_FORMAT = dwarf;
				ENABLE_STRICT_OBJC_MSGSEND = YES;
				ENABLE_TESTABILITY = YES;
				GCC_C_LANGUAGE_STANDARD = gnu11;
				GCC_DYNAMIC_NO_PIC = NO;
				GCC_NO_COMMON_BLOCKS = YES;
				GCC_OPTIMIZATION_LEVEL = 0;
				GCC_PREPROCESSOR_DEFINITIONS = (
					"DEBUG=1",
					"$(inherited)",
				);
				GCC_WARN_64_TO_32_BIT_CONVERSION = YES;
				GCC_WARN_ABOUT_RETURN_TYPE = YES_ERROR;
				GCC_WARN_UNDECLARED_SELECTOR = YES;
				GCC_WARN_UNINITIALIZED_AUTOS = YES_AGGRESSIVE;
				GCC_WARN_UNUSED_FUNCTION = YES;
				GCC_WARN_UNUSED_VARIABLE = YES;
				IPHONEOS_DEPLOYMENT_TARGET = 11.4;
				MTL_ENABLE_DEBUG_INFO = YES;
				ONLY_ACTIVE_ARCH = YES;
				SDKROOT = iphoneos;
				SWIFT_ACTIVE_COMPILATION_CONDITIONS = DEBUG;
				SWIFT_OPTIMIZATION_LEVEL = "-Onone";
			};
			name = Debug;
		};
		F04D5185225CD7B500A32DBD /* Release */ = {
			isa = XCBuildConfiguration;
			buildSettings = {
				ALWAYS_SEARCH_USER_PATHS = NO;
				CLANG_ANALYZER_NONNULL = YES;
				CLANG_ANALYZER_NUMBER_OBJECT_CONVERSION = YES_AGGRESSIVE;
				CLANG_CXX_LANGUAGE_STANDARD = "gnu++14";
				CLANG_CXX_LIBRARY = "libc++";
				CLANG_ENABLE_MODULES = YES;
				CLANG_ENABLE_OBJC_ARC = YES;
				CLANG_ENABLE_OBJC_WEAK = YES;
				CLANG_WARN_BLOCK_CAPTURE_AUTORELEASING = YES;
				CLANG_WARN_BOOL_CONVERSION = YES;
				CLANG_WARN_COMMA = YES;
				CLANG_WARN_CONSTANT_CONVERSION = YES;
				CLANG_WARN_DEPRECATED_OBJC_IMPLEMENTATIONS = YES;
				CLANG_WARN_DIRECT_OBJC_ISA_USAGE = YES_ERROR;
				CLANG_WARN_DOCUMENTATION_COMMENTS = YES;
				CLANG_WARN_EMPTY_BODY = YES;
				CLANG_WARN_ENUM_CONVERSION = YES;
				CLANG_WARN_INFINITE_RECURSION = YES;
				CLANG_WARN_INT_CONVERSION = YES;
				CLANG_WARN_NON_LITERAL_NULL_CONVERSION = YES;
				CLANG_WARN_OBJC_IMPLICIT_RETAIN_SELF = YES;
				CLANG_WARN_OBJC_LITERAL_CONVERSION = YES;
				CLANG_WARN_OBJC_ROOT_CLASS = YES_ERROR;
				CLANG_WARN_RANGE_LOOP_ANALYSIS = YES;
				CLANG_WARN_STRICT_PROTOTYPES = YES;
				CLANG_WARN_SUSPICIOUS_MOVE = YES;
				CLANG_WARN_UNGUARDED_AVAILABILITY = YES_AGGRESSIVE;
				CLANG_WARN_UNREACHABLE_CODE = YES;
				CLANG_WARN__DUPLICATE_METHOD_MATCH = YES;
				CODE_SIGN_IDENTITY = "iPhone Developer";
				COPY_PHASE_STRIP = NO;
				DEBUG_INFORMATION_FORMAT = "dwarf-with-dsym";
				ENABLE_NS_ASSERTIONS = NO;
				ENABLE_STRICT_OBJC_MSGSEND = YES;
				GCC_C_LANGUAGE_STANDARD = gnu11;
				GCC_NO_COMMON_BLOCKS = YES;
				GCC_WARN_64_TO_32_BIT_CONVERSION = YES;
				GCC_WARN_ABOUT_RETURN_TYPE = YES_ERROR;
				GCC_WARN_UNDECLARED_SELECTOR = YES;
				GCC_WARN_UNINITIALIZED_AUTOS = YES_AGGRESSIVE;
				GCC_WARN_UNUSED_FUNCTION = YES;
				GCC_WARN_UNUSED_VARIABLE = YES;
				IPHONEOS_DEPLOYMENT_TARGET = 11.4;
				MTL_ENABLE_DEBUG_INFO = NO;
				SDKROOT = iphoneos;
				SWIFT_COMPILATION_MODE = wholemodule;
				SWIFT_OPTIMIZATION_LEVEL = "-O";
				VALIDATE_PRODUCT = YES;
			};
			name = Release;
		};
		F04D5187225CD7B500A32DBD /* Debug */ = {
			isa = XCBuildConfiguration;
			buildSettings = {
				ASSETCATALOG_COMPILER_APPICON_NAME = AppIcon;
				CODE_SIGN_STYLE = Automatic;
				DEVELOPMENT_TEAM = DZGJ9SPL88;
				INFOPLIST_FILE = Geocap/Info.plist;
				LD_RUNPATH_SEARCH_PATHS = (
					"$(inherited)",
					"@executable_path/Frameworks",
				);
				PRODUCT_BUNDLE_IDENTIFIER = com.erik.Geocap;
				PRODUCT_NAME = "$(TARGET_NAME)";
				SWIFT_VERSION = 4.0;
				TARGETED_DEVICE_FAMILY = 1;
			};
			name = Debug;
		};
		F04D5188225CD7B500A32DBD /* Release */ = {
			isa = XCBuildConfiguration;
			buildSettings = {
				ASSETCATALOG_COMPILER_APPICON_NAME = AppIcon;
				CODE_SIGN_STYLE = Automatic;
				DEVELOPMENT_TEAM = DZGJ9SPL88;
				INFOPLIST_FILE = Geocap/Info.plist;
				LD_RUNPATH_SEARCH_PATHS = (
					"$(inherited)",
					"@executable_path/Frameworks",
				);
				PRODUCT_BUNDLE_IDENTIFIER = com.erik.Geocap;
				PRODUCT_NAME = "$(TARGET_NAME)";
				SWIFT_VERSION = 4.0;
				TARGETED_DEVICE_FAMILY = 1;
			};
			name = Release;
		};
		F04D518A225CD7B500A32DBD /* Debug */ = {
			isa = XCBuildConfiguration;
			buildSettings = {
				ALWAYS_EMBED_SWIFT_STANDARD_LIBRARIES = YES;
				BUNDLE_LOADER = "$(TEST_HOST)";
				CODE_SIGN_STYLE = Automatic;
				DEVELOPMENT_TEAM = 934788YR3T;
				INFOPLIST_FILE = GeocapTests/Info.plist;
				LD_RUNPATH_SEARCH_PATHS = (
					"$(inherited)",
					"@executable_path/Frameworks",
					"@loader_path/Frameworks",
				);
				PRODUCT_BUNDLE_IDENTIFIER = com.oscarenglof.GeocapTests;
				PRODUCT_NAME = "$(TARGET_NAME)";
				SWIFT_VERSION = 5.0;
				TARGETED_DEVICE_FAMILY = "1,2";
				TEST_HOST = "$(BUILT_PRODUCTS_DIR)/Geocap.app/Geocap";
			};
			name = Debug;
		};
		F04D518B225CD7B500A32DBD /* Release */ = {
			isa = XCBuildConfiguration;
			buildSettings = {
				ALWAYS_EMBED_SWIFT_STANDARD_LIBRARIES = YES;
				BUNDLE_LOADER = "$(TEST_HOST)";
				CODE_SIGN_STYLE = Automatic;
				DEVELOPMENT_TEAM = 934788YR3T;
				INFOPLIST_FILE = GeocapTests/Info.plist;
				LD_RUNPATH_SEARCH_PATHS = (
					"$(inherited)",
					"@executable_path/Frameworks",
					"@loader_path/Frameworks",
				);
				PRODUCT_BUNDLE_IDENTIFIER = com.oscarenglof.GeocapTests;
				PRODUCT_NAME = "$(TARGET_NAME)";
				SWIFT_VERSION = 5.0;
				TARGETED_DEVICE_FAMILY = "1,2";
				TEST_HOST = "$(BUILT_PRODUCTS_DIR)/Geocap.app/Geocap";
			};
			name = Release;
		};
		F04D518D225CD7B500A32DBD /* Debug */ = {
			isa = XCBuildConfiguration;
			buildSettings = {
				ALWAYS_EMBED_SWIFT_STANDARD_LIBRARIES = YES;
				CODE_SIGN_STYLE = Automatic;
				DEVELOPMENT_TEAM = 934788YR3T;
				INFOPLIST_FILE = GeocapUITests/Info.plist;
				LD_RUNPATH_SEARCH_PATHS = (
					"$(inherited)",
					"@executable_path/Frameworks",
					"@loader_path/Frameworks",
				);
				PRODUCT_BUNDLE_IDENTIFIER = com.oscarenglof.GeocapUITests;
				PRODUCT_NAME = "$(TARGET_NAME)";
				SWIFT_VERSION = 5.0;
				TARGETED_DEVICE_FAMILY = "1,2";
				TEST_TARGET_NAME = Geocap;
			};
			name = Debug;
		};
		F04D518E225CD7B500A32DBD /* Release */ = {
			isa = XCBuildConfiguration;
			buildSettings = {
				ALWAYS_EMBED_SWIFT_STANDARD_LIBRARIES = YES;
				CODE_SIGN_STYLE = Automatic;
				DEVELOPMENT_TEAM = 934788YR3T;
				INFOPLIST_FILE = GeocapUITests/Info.plist;
				LD_RUNPATH_SEARCH_PATHS = (
					"$(inherited)",
					"@executable_path/Frameworks",
					"@loader_path/Frameworks",
				);
				PRODUCT_BUNDLE_IDENTIFIER = com.oscarenglof.GeocapUITests;
				PRODUCT_NAME = "$(TARGET_NAME)";
				SWIFT_VERSION = 5.0;
				TARGETED_DEVICE_FAMILY = "1,2";
				TEST_TARGET_NAME = Geocap;
			};
			name = Release;
		};
/* End XCBuildConfiguration section */

/* Begin XCConfigurationList section */
		F04D5159225CD7A400A32DBD /* Build configuration list for PBXProject "Geocap" */ = {
			isa = XCConfigurationList;
			buildConfigurations = (
				F04D5184225CD7B500A32DBD /* Debug */,
				F04D5185225CD7B500A32DBD /* Release */,
			);
			defaultConfigurationIsVisible = 0;
			defaultConfigurationName = Release;
		};
		F04D5186225CD7B500A32DBD /* Build configuration list for PBXNativeTarget "Geocap" */ = {
			isa = XCConfigurationList;
			buildConfigurations = (
				F04D5187225CD7B500A32DBD /* Debug */,
				F04D5188225CD7B500A32DBD /* Release */,
			);
			defaultConfigurationIsVisible = 0;
			defaultConfigurationName = Release;
		};
		F04D5189225CD7B500A32DBD /* Build configuration list for PBXNativeTarget "GeocapTests" */ = {
			isa = XCConfigurationList;
			buildConfigurations = (
				F04D518A225CD7B500A32DBD /* Debug */,
				F04D518B225CD7B500A32DBD /* Release */,
			);
			defaultConfigurationIsVisible = 0;
			defaultConfigurationName = Release;
		};
		F04D518C225CD7B500A32DBD /* Build configuration list for PBXNativeTarget "GeocapUITests" */ = {
			isa = XCConfigurationList;
			buildConfigurations = (
				F04D518D225CD7B500A32DBD /* Debug */,
				F04D518E225CD7B500A32DBD /* Release */,
			);
			defaultConfigurationIsVisible = 0;
			defaultConfigurationName = Release;
		};
/* End XCConfigurationList section */
	};
	rootObject = F04D5156225CD7A400A32DBD /* Project object */;
}
